<?xml version="1.0" encoding="utf-8"?>
<Project ToolsVersion="4.0" xmlns="http://schemas.microsoft.com/developer/msbuild/2003">
  <ItemGroup>
    <Filter Include="Source Files">
      <UniqueIdentifier>{4FC737F1-C7A5-4376-A066-2A32D752A2FF}</UniqueIdentifier>
      <Extensions>cpp;c;cc;cxx;c++;cppm;ixx;def;odl;idl;hpj;bat;asm;asmx</Extensions>
    </Filter>
    <Filter Include="Header Files">
      <UniqueIdentifier>{93995380-89BD-4b04-88EB-625FBE52EBFB}</UniqueIdentifier>
      <Extensions>h;hh;hpp;hxx;h++;hm;inl;inc;ipp;xsd</Extensions>
    </Filter>
    <Filter Include="Resource Files">
      <UniqueIdentifier>{67DA6AB6-F800-4c08-8B7A-83BB121AAD01}</UniqueIdentifier>
      <Extensions>rc;ico;cur;bmp;dlg;rc2;rct;bin;rgs;gif;jpg;jpeg;jpe;resx;tiff;tif;png;wav;mfcribbon-ms</Extensions>
    </Filter>
  </ItemGroup>
  <ItemGroup>
    <ClCompile Include="cesar_asset.cpp">
      <Filter>Source Files</Filter>
    </ClCompile>
    <ClCompile Include="Resource.cpp">
      <Filter>Source Files</Filter>
    </ClCompile>
    <ClCompile Include="ResourceIO\ImageTextureIO.cpp">
      <Filter>Source Files</Filter>
    </ClCompile>
    <ClCompile Include="..\ext\stb\stb.cpp">
      <Filter>Source Files</Filter>
    </ClCompile>
    <ClCompile Include="ResourceCache.cpp">
      <Filter>Source Files</Filter>
    </ClCompile>
    <ClCompile Include="ResourceIO\MeshIO.cpp">
      <Filter>Source Files</Filter>
    </ClCompile>
    <ClCompile Include="..\ext\fastgltf\fastgltf.cpp">
      <Filter>Source Files</Filter>
    </ClCompile>
    <ClCompile Include="..\ext\fastgltf\base64.cpp">
      <Filter>Source Files</Filter>
    </ClCompile>
    <ClCompile Include="..\ext\fastgltf\io.cpp">
      <Filter>Source Files</Filter>
    </ClCompile>
    <ClCompile Include="..\ext\fastgltf\simdjson.cpp">
      <Filter>Source Files</Filter>
    </ClCompile>
    <ClCompile Include="ResourceIO\MaterialIO.cpp">
      <Filter>Source Files</Filter>
    </ClCompile>
    <ClCompile Include="..\ext\tinyobj\tiny_obj_loader.cpp">
      <Filter>Source Files</Filter>
    </ClCompile>
    <ClCompile Include="..\ext\meshoptimizer\allocator.cpp">
      <Filter>Source Files</Filter>
    </ClCompile>
    <ClCompile Include="..\ext\meshoptimizer\clusterizer.cpp">
      <Filter>Source Files</Filter>
    </ClCompile>
    <ClCompile Include="..\ext\meshoptimizer\indexanalyzer.cpp">
      <Filter>Source Files</Filter>
    </ClCompile>
    <ClCompile Include="..\ext\meshoptimizer\indexcodec.cpp">
      <Filter>Source Files</Filter>
    </ClCompile>
    <ClCompile Include="..\ext\meshoptimizer\indexgenerator.cpp">
      <Filter>Source Files</Filter>
    </ClCompile>
    <ClCompile Include="..\ext\meshoptimizer\overdrawoptimizer.cpp">
      <Filter>Source Files</Filter>
    </ClCompile>
    <ClCompile Include="..\ext\meshoptimizer\partition.cpp">
      <Filter>Source Files</Filter>
    </ClCompile>
    <ClCompile Include="..\ext\meshoptimizer\quantization.cpp">
      <Filter>Source Files</Filter>
    </ClCompile>
    <ClCompile Include="..\ext\meshoptimizer\rasterizer.cpp">
      <Filter>Source Files</Filter>
    </ClCompile>
    <ClCompile Include="..\ext\meshoptimizer\simplifier.cpp">
      <Filter>Source Files</Filter>
    </ClCompile>
    <ClCompile Include="..\ext\meshoptimizer\spatialorder.cpp">
      <Filter>Source Files</Filter>
    </ClCompile>
    <ClCompile Include="..\ext\meshoptimizer\stripifier.cpp">
      <Filter>Source Files</Filter>
    </ClCompile>
    <ClCompile Include="..\ext\meshoptimizer\vcacheoptimizer.cpp">
      <Filter>Source Files</Filter>
    </ClCompile>
    <ClCompile Include="..\ext\meshoptimizer\vertexcodec.cpp">
      <Filter>Source Files</Filter>
    </ClCompile>
    <ClCompile Include="..\ext\meshoptimizer\vertexfilter.cpp">
      <Filter>Source Files</Filter>
    </ClCompile>
    <ClCompile Include="..\ext\meshoptimizer\vfetchoptimizer.cpp">
      <Filter>Source Files</Filter>
    </ClCompile>
  </ItemGroup>
  <ItemGroup>
    <ClInclude Include="Resource.h">
      <Filter>Header Files</Filter>
    </ClInclude>
    <ClInclude Include="ResourceCache.h">
      <Filter>Header Files</Filter>
    </ClInclude>
    <ClInclude Include="Resources\Mesh.h">
      <Filter>Header Files</Filter>
    </ClInclude>
    <ClInclude Include="Resources\Material.h">
      <Filter>Header Files</Filter>
    </ClInclude>
    <ClInclude Include="Resources\ImageTexture.h">
      <Filter>Header Files</Filter>
    </ClInclude>
    <ClInclude Include="ResourceIO\ResourceIO.h">
      <Filter>Header Files</Filter>
    </ClInclude>
    <ClInclude Include="ResourceIO\ImageTextureIO.h">
      <Filter>Header Files</Filter>
    </ClInclude>
    <ClInclude Include="ResourceIO\MeshIO.h">
      <Filter>Header Files</Filter>
    </ClInclude>
    <ClInclude Include="ResourceIO\MaterialIO.h">
      <Filter>Header Files</Filter>
    </ClInclude>
    <ClInclude Include="ResourceIO\ResourceLoadDesc.h">
      <Filter>Header Files</Filter>
    </ClInclude>
  </ItemGroup>
  <ItemGroup>
    <None Include="packages.config" />
  </ItemGroup>
</Project>